
Microsoft Visual Studio Solution File, Format Version 12.00
# Visual Studio Version 16
VisualStudioVersion = 16.0.29025.244
MinimumVisualStudioVersion = 10.0.40219.1
Project("{FAE04EC0-301F-11D3-BF4B-00C04F79EFBC}") = "Monaco.PathTree", "Monaco.PathTree\Monaco.PathTree.csproj", "{8E759F1C-0F13-4D9E-B63F-501C9B2CF386}"
EndProject
Project("{FAE04EC0-301F-11D3-BF4B-00C04F79EFBC}") = "Monaco.PathTree.UnitTests", "Monaco.PathTree.UnitTests\Monaco.PathTree.UnitTests.csproj", "{FC942EE6-342E-4A3E-AB7B-1EDC40FF1999}"
EndProject
Global
	GlobalSection(SolutionConfigurationPlatforms) = preSolution
		Debug|Any CPU = Debug|Any CPU
		Release|Any CPU = Release|Any CPU
	EndGlobalSection
	GlobalSection(ProjectConfigurationPlatforms) = postSolution
		{8E759F1C-0F13-4D9E-B63F-501C9B2CF386}.Debug|Any CPU.ActiveCfg = Debug|Any CPU
		{8E759F1C-0F13-4D9E-B63F-501C9B2CF386}.Debug|Any CPU.Build.0 = Debug|Any CPU
		{8E759F1C-0F13-4D9E-B63F-501C9B2CF386}.Release|Any CPU.ActiveCfg = Release|Any CPU
		{8E759F1C-0F13-4D9E-B63F-501C9B2CF386}.Release|Any CPU.Build.0 = Release|Any CPU
		{FC942EE6-342E-4A3E-AB7B-1EDC40FF1999}.Debug|Any CPU.ActiveCfg = Debug|Any CPU
		{FC942EE6-342E-4A3E-AB7B-1EDC40FF1999}.Debug|Any CPU.Build.0 = Debug|Any CPU
		{FC942EE6-342E-4A3E-AB7B-1EDC40FF1999}.Release|Any CPU.ActiveCfg = Release|Any CPU
		{FC942EE6-342E-4A3E-AB7B-1EDC40FF1999}.Release|Any CPU.Build.0 = Release|Any CPU
	EndGlobalSection
	GlobalSection(SolutionProperties) = preSolution
		HideSolutionNode = FALSE
	EndGlobalSection
	GlobalSection(ExtensibilityGlobals) = postSolution
		SolutionGuid = {2B41989C-1261-4938-A41E-D8D61DA4D2CE}
	EndGlobalSection
EndGlobal
